
Microsoft Visual Studio Solution File, Format Version 12.00
# Visual Studio 15
VisualStudioVersion = 15.0.27130.2026
MinimumVisualStudioVersion = 10.0.40219.1
Project("{9A19103F-16F7-4668-BE54-9A1E7A4F7556}") = "ApiLivraria", "ApiLivraria\ApiLivraria.csproj", "{19E49088-2E30-4C01-B7ED-FDF27D3E5A47}"
EndProject
Project("{9A19103F-16F7-4668-BE54-9A1E7A4F7556}") = "ApiAutenticacao", "ApiAutenticacao\ApiAutenticacao.csproj", "{32508F69-1F79-41FD-9E78-E37FE38B6974}"
EndProject
Project("{FAE04EC0-301F-11D3-BF4B-00C04F79EFBC}") = "ApiAuditoria", "ApiAuditoria\ApiAuditoria.csproj", "{ABA32CD6-2BA5-4946-903A-E13D819C56E7}"
EndProject
Project("{FAE04EC0-301F-11D3-BF4B-00C04F79EFBC}") = "ApiCartaoCredito", "ApiCartaoCredito\ApiCartaoCredito.csproj", "{6DFCF621-A9CE-4523-A786-12A16840A7A2}"
EndProject
Global
	GlobalSection(SolutionConfigurationPlatforms) = preSolution
		Debug|Any CPU = Debug|Any CPU
		Release|Any CPU = Release|Any CPU
	EndGlobalSection
	GlobalSection(ProjectConfigurationPlatforms) = postSolution
		{19E49088-2E30-4C01-B7ED-FDF27D3E5A47}.Debug|Any CPU.ActiveCfg = Debug|Any CPU
		{19E49088-2E30-4C01-B7ED-FDF27D3E5A47}.Debug|Any CPU.Build.0 = Debug|Any CPU
		{19E49088-2E30-4C01-B7ED-FDF27D3E5A47}.Release|Any CPU.ActiveCfg = Release|Any CPU
		{19E49088-2E30-4C01-B7ED-FDF27D3E5A47}.Release|Any CPU.Build.0 = Release|Any CPU
		{32508F69-1F79-41FD-9E78-E37FE38B6974}.Debug|Any CPU.ActiveCfg = Debug|Any CPU
		{32508F69-1F79-41FD-9E78-E37FE38B6974}.Debug|Any CPU.Build.0 = Debug|Any CPU
		{32508F69-1F79-41FD-9E78-E37FE38B6974}.Release|Any CPU.ActiveCfg = Release|Any CPU
		{32508F69-1F79-41FD-9E78-E37FE38B6974}.Release|Any CPU.Build.0 = Release|Any CPU
		{ABA32CD6-2BA5-4946-903A-E13D819C56E7}.Debug|Any CPU.ActiveCfg = Debug|Any CPU
		{ABA32CD6-2BA5-4946-903A-E13D819C56E7}.Debug|Any CPU.Build.0 = Debug|Any CPU
		{ABA32CD6-2BA5-4946-903A-E13D819C56E7}.Release|Any CPU.ActiveCfg = Release|Any CPU
		{ABA32CD6-2BA5-4946-903A-E13D819C56E7}.Release|Any CPU.Build.0 = Release|Any CPU
		{6DFCF621-A9CE-4523-A786-12A16840A7A2}.Debug|Any CPU.ActiveCfg = Debug|Any CPU
		{6DFCF621-A9CE-4523-A786-12A16840A7A2}.Debug|Any CPU.Build.0 = Debug|Any CPU
		{6DFCF621-A9CE-4523-A786-12A16840A7A2}.Release|Any CPU.ActiveCfg = Release|Any CPU
		{6DFCF621-A9CE-4523-A786-12A16840A7A2}.Release|Any CPU.Build.0 = Release|Any CPU
	EndGlobalSection
	GlobalSection(SolutionProperties) = preSolution
		HideSolutionNode = FALSE
	EndGlobalSection
	GlobalSection(ExtensibilityGlobals) = postSolution
		SolutionGuid = {5769EEE2-1867-4B90-A4FA-68FC6F70D159}
	EndGlobalSection
EndGlobal
